
Microsoft Visual Studio Solution File, Format Version 12.00
# Visual Studio Version 17
VisualStudioVersion = 17.3.32825.248
MinimumVisualStudioVersion = 10.0.40219.1
Project("{FAE04EC0-301F-11D3-BF4B-00C04F79EFBC}") = "A24 Ex02 NeomiBashari 207087487 AvichaiGalOr 207051848", "A24 Ex02 NeomiBashari 207087487 AvichaiGalOr 207051848.csproj", "{4A223958-EA48-45AC-A200-C58E0FD09DC1}"
EndProject
Global
	GlobalSection(SolutionConfigurationPlatforms) = preSolution
		Debug|Any CPU = Debug|Any CPU
		Release|Any CPU = Release|Any CPU
	EndGlobalSection
	GlobalSection(ProjectConfigurationPlatforms) = postSolution
		{4A223958-EA48-45AC-A200-C58E0FD09DC1}.Debug|Any CPU.ActiveCfg = Debug|Any CPU
		{4A223958-EA48-45AC-A200-C58E0FD09DC1}.Debug|Any CPU.Build.0 = Debug|Any CPU
		{4A223958-EA48-45AC-A200-C58E0FD09DC1}.Release|Any CPU.ActiveCfg = Release|Any CPU
		{4A223958-EA48-45AC-A200-C58E0FD09DC1}.Release|Any CPU.Build.0 = Release|Any CPU
	EndGlobalSection
	GlobalSection(SolutionProperties) = preSolution
		HideSolutionNode = FALSE
	EndGlobalSection
	GlobalSection(ExtensibilityGlobals) = postSolution
		SolutionGuid = {0B485724-43A8-47A0-AE84-97AA0B1ED78C}
	EndGlobalSection
EndGlobal
